
Microsoft Visual Studio Solution File, Format Version 12.00
# Visual Studio Version 17
VisualStudioVersion = 17.6.33829.357
MinimumVisualStudioVersion = 10.0.40219.1
Project("{FAE04EC0-301F-11D3-BF4B-00C04F79EFBC}") = "Domain", "Domain\Domain.csproj", "{035126D7-EC6D-4A90-94DB-CFC4C7DD4CA1}"
EndProject
Project("{FAE04EC0-301F-11D3-BF4B-00C04F79EFBC}") = "Application", "Application\Application.csproj", "{B6F06784-FA79-41F7-91D2-E05606B79685}"
EndProject
Project("{FAE04EC0-301F-11D3-BF4B-00C04F79EFBC}") = "Infrastructure", "Infrastructure\Infrastructure.csproj", "{666BD5B2-B927-4127-B921-1505210A6CE1}"
EndProject
Global
	GlobalSection(SolutionConfigurationPlatforms) = preSolution
		Debug|Any CPU = Debug|Any CPU
		Release|Any CPU = Release|Any CPU
	EndGlobalSection
	GlobalSection(ProjectConfigurationPlatforms) = postSolution
		{035126D7-EC6D-4A90-94DB-CFC4C7DD4CA1}.Debug|Any CPU.ActiveCfg = Debug|Any CPU
		{035126D7-EC6D-4A90-94DB-CFC4C7DD4CA1}.Debug|Any CPU.Build.0 = Debug|Any CPU
		{035126D7-EC6D-4A90-94DB-CFC4C7DD4CA1}.Release|Any CPU.ActiveCfg = Release|Any CPU
		{035126D7-EC6D-4A90-94DB-CFC4C7DD4CA1}.Release|Any CPU.Build.0 = Release|Any CPU
		{B6F06784-FA79-41F7-91D2-E05606B79685}.Debug|Any CPU.ActiveCfg = Debug|Any CPU
		{B6F06784-FA79-41F7-91D2-E05606B79685}.Debug|Any CPU.Build.0 = Debug|Any CPU
		{B6F06784-FA79-41F7-91D2-E05606B79685}.Release|Any CPU.ActiveCfg = Release|Any CPU
		{B6F06784-FA79-41F7-91D2-E05606B79685}.Release|Any CPU.Build.0 = Release|Any CPU
		{666BD5B2-B927-4127-B921-1505210A6CE1}.Debug|Any CPU.ActiveCfg = Debug|Any CPU
		{666BD5B2-B927-4127-B921-1505210A6CE1}.Debug|Any CPU.Build.0 = Debug|Any CPU
		{666BD5B2-B927-4127-B921-1505210A6CE1}.Release|Any CPU.ActiveCfg = Release|Any CPU
		{666BD5B2-B927-4127-B921-1505210A6CE1}.Release|Any CPU.Build.0 = Release|Any CPU
	EndGlobalSection
	GlobalSection(SolutionProperties) = preSolution
		HideSolutionNode = FALSE
	EndGlobalSection
	GlobalSection(ExtensibilityGlobals) = postSolution
		SolutionGuid = {D064D95D-E09E-41AA-AD46-4CC5235E1E88}
	EndGlobalSection
EndGlobal
